
Microsoft Visual Studio Solution File, Format Version 11.00
# Visual Studio 2010
Project("{FAE04EC0-301F-11D3-BF4B-00C04F79EFBC}") = "Fungus", "Fungus.csproj", "{4BDE44B6-6005-3D50-00AC-BDB469D1ADDD}"
EndProject
Project("{FAE04EC0-301F-11D3-BF4B-00C04F79EFBC}") = "Assembly-CSharp", "Assembly-CSharp.csproj", "{00FBF10C-2A50-4762-B73D-5D11E331F6B1}"
EndProject
Project("{FAE04EC0-301F-11D3-BF4B-00C04F79EFBC}") = "FungusExamples", "FungusExamples.csproj", "{A86F93C1-D11E-55E4-D029-E1EC82D86610}"
EndProject
Project("{FAE04EC0-301F-11D3-BF4B-00C04F79EFBC}") = "FungusPlayModeTests", "FungusPlayModeTests.csproj", "{45274236-0CD5-D399-BE95-8D1DC0952AA2}"
EndProject
Project("{FAE04EC0-301F-11D3-BF4B-00C04F79EFBC}") = "FungusEditor", "FungusEditor.csproj", "{48B84249-7D4C-0659-7AC5-98B836893377}"
EndProject
Project("{FAE04EC0-301F-11D3-BF4B-00C04F79EFBC}") = "FungusEditorTests", "FungusEditorTests.csproj", "{C7502EC0-2160-F91C-A068-97D4BCBE76D6}"
EndProject
Project("{FAE04EC0-301F-11D3-BF4B-00C04F79EFBC}") = "Fungus.FungusLuaJSONCheckerEditor", "Fungus.FungusLuaJSONCheckerEditor.csproj", "{0594DAA6-0190-A75C-70C3-B094E4C6ECFF}"
EndProject
Project("{FAE04EC0-301F-11D3-BF4B-00C04F79EFBC}") = "Fungus.FungusLuaEditor", "Fungus.FungusLuaEditor.csproj", "{6981C76E-64C3-8614-CF79-1904DF6792AC}"
EndProject
Project("{FAE04EC0-301F-11D3-BF4B-00C04F79EFBC}") = "Fungus.UsfxrEditor", "Fungus.UsfxrEditor.csproj", "{ABB5376D-2252-36A7-F4F4-DB7E7C04BF0A}"
EndProject
Project("{FAE04EC0-301F-11D3-BF4B-00C04F79EFBC}") = "Fungus.LineEndingsEditor", "Fungus.LineEndingsEditor.csproj", "{D21271C1-ECD4-2E13-623D-F8F1D3E70A31}"
EndProject
Global
	GlobalSection(SolutionConfigurationPlatforms) = preSolution
		Debug|Any CPU = Debug|Any CPU
		Release|Any CPU = Release|Any CPU
	EndGlobalSection
	GlobalSection(ProjectConfigurationPlatforms) = postSolution
		{4BDE44B6-6005-3D50-00AC-BDB469D1ADDD}.Debug|Any CPU.ActiveCfg = Debug|Any CPU
		{4BDE44B6-6005-3D50-00AC-BDB469D1ADDD}.Debug|Any CPU.Build.0 = Debug|Any CPU
		{4BDE44B6-6005-3D50-00AC-BDB469D1ADDD}.Release|Any CPU.ActiveCfg = Release|Any CPU
		{4BDE44B6-6005-3D50-00AC-BDB469D1ADDD}.Release|Any CPU.Build.0 = Release|Any CPU
		{00FBF10C-2A50-4762-B73D-5D11E331F6B1}.Debug|Any CPU.ActiveCfg = Debug|Any CPU
		{00FBF10C-2A50-4762-B73D-5D11E331F6B1}.Debug|Any CPU.Build.0 = Debug|Any CPU
		{00FBF10C-2A50-4762-B73D-5D11E331F6B1}.Release|Any CPU.ActiveCfg = Release|Any CPU
		{00FBF10C-2A50-4762-B73D-5D11E331F6B1}.Release|Any CPU.Build.0 = Release|Any CPU
		{A86F93C1-D11E-55E4-D029-E1EC82D86610}.Debug|Any CPU.ActiveCfg = Debug|Any CPU
		{A86F93C1-D11E-55E4-D029-E1EC82D86610}.Debug|Any CPU.Build.0 = Debug|Any CPU
		{A86F93C1-D11E-55E4-D029-E1EC82D86610}.Release|Any CPU.ActiveCfg = Release|Any CPU
		{A86F93C1-D11E-55E4-D029-E1EC82D86610}.Release|Any CPU.Build.0 = Release|Any CPU
		{45274236-0CD5-D399-BE95-8D1DC0952AA2}.Debug|Any CPU.ActiveCfg = Debug|Any CPU
		{45274236-0CD5-D399-BE95-8D1DC0952AA2}.Debug|Any CPU.Build.0 = Debug|Any CPU
		{45274236-0CD5-D399-BE95-8D1DC0952AA2}.Release|Any CPU.ActiveCfg = Release|Any CPU
		{45274236-0CD5-D399-BE95-8D1DC0952AA2}.Release|Any CPU.Build.0 = Release|Any CPU
		{48B84249-7D4C-0659-7AC5-98B836893377}.Debug|Any CPU.ActiveCfg = Debug|Any CPU
		{48B84249-7D4C-0659-7AC5-98B836893377}.Debug|Any CPU.Build.0 = Debug|Any CPU
		{48B84249-7D4C-0659-7AC5-98B836893377}.Release|Any CPU.ActiveCfg = Release|Any CPU
		{48B84249-7D4C-0659-7AC5-98B836893377}.Release|Any CPU.Build.0 = Release|Any CPU
		{C7502EC0-2160-F91C-A068-97D4BCBE76D6}.Debug|Any CPU.ActiveCfg = Debug|Any CPU
		{C7502EC0-2160-F91C-A068-97D4BCBE76D6}.Debug|Any CPU.Build.0 = Debug|Any CPU
		{C7502EC0-2160-F91C-A068-97D4BCBE76D6}.Release|Any CPU.ActiveCfg = Release|Any CPU
		{C7502EC0-2160-F91C-A068-97D4BCBE76D6}.Release|Any CPU.Build.0 = Release|Any CPU
		{0594DAA6-0190-A75C-70C3-B094E4C6ECFF}.Debug|Any CPU.ActiveCfg = Debug|Any CPU
		{0594DAA6-0190-A75C-70C3-B094E4C6ECFF}.Debug|Any CPU.Build.0 = Debug|Any CPU
		{0594DAA6-0190-A75C-70C3-B094E4C6ECFF}.Release|Any CPU.ActiveCfg = Release|Any CPU
		{0594DAA6-0190-A75C-70C3-B094E4C6ECFF}.Release|Any CPU.Build.0 = Release|Any CPU
		{6981C76E-64C3-8614-CF79-1904DF6792AC}.Debug|Any CPU.ActiveCfg = Debug|Any CPU
		{6981C76E-64C3-8614-CF79-1904DF6792AC}.Debug|Any CPU.Build.0 = Debug|Any CPU
		{6981C76E-64C3-8614-CF79-1904DF6792AC}.Release|Any CPU.ActiveCfg = Release|Any CPU
		{6981C76E-64C3-8614-CF79-1904DF6792AC}.Release|Any CPU.Build.0 = Release|Any CPU
		{ABB5376D-2252-36A7-F4F4-DB7E7C04BF0A}.Debug|Any CPU.ActiveCfg = Debug|Any CPU
		{ABB5376D-2252-36A7-F4F4-DB7E7C04BF0A}.Debug|Any CPU.Build.0 = Debug|Any CPU
		{ABB5376D-2252-36A7-F4F4-DB7E7C04BF0A}.Release|Any CPU.ActiveCfg = Release|Any CPU
		{ABB5376D-2252-36A7-F4F4-DB7E7C04BF0A}.Release|Any CPU.Build.0 = Release|Any CPU
		{D21271C1-ECD4-2E13-623D-F8F1D3E70A31}.Debug|Any CPU.ActiveCfg = Debug|Any CPU
		{D21271C1-ECD4-2E13-623D-F8F1D3E70A31}.Debug|Any CPU.Build.0 = Debug|Any CPU
		{D21271C1-ECD4-2E13-623D-F8F1D3E70A31}.Release|Any CPU.ActiveCfg = Release|Any CPU
		{D21271C1-ECD4-2E13-623D-F8F1D3E70A31}.Release|Any CPU.Build.0 = Release|Any CPU
	EndGlobalSection
	GlobalSection(SolutionProperties) = preSolution
		HideSolutionNode = FALSE
	EndGlobalSection
EndGlobal
